// !$*UTF8*$!
{
	archiveVersion = 1;
	classes = {
	};
	objectVersion = 46;
	objects = {

/* Begin PBXBuildFile section */
		04D390531E72904B0088DC39 /* AppDelegate.swift in Sources */ = {isa = PBXBuildFile; fileRef = 04D390521E72904B0088DC39 /* AppDelegate.swift */; };
		04D390551E72904C0088DC39 /* ViewController.swift in Sources */ = {isa = PBXBuildFile; fileRef = 04D390541E72904B0088DC39 /* ViewController.swift */; };
		04D390581E72904C0088DC39 /* Main.storyboard in Resources */ = {isa = PBXBuildFile; fileRef = 04D390561E72904C0088DC39 /* Main.storyboard */; };
		04D3905B1E72904C0088DC39 /* Test.xcdatamodeld in Sources */ = {isa = PBXBuildFile; fileRef = 04D390591E72904C0088DC39 /* Test.xcdatamodeld */; };
		04D3905D1E72904C0088DC39 /* Assets.xcassets in Resources */ = {isa = PBXBuildFile; fileRef = 04D3905C1E72904C0088DC39 /* Assets.xcassets */; };
		04D390601E72904C0088DC39 /* LaunchScreen.storyboard in Resources */ = {isa = PBXBuildFile; fileRef = 04D3905E1E72904C0088DC39 /* LaunchScreen.storyboard */; };
		04D390681E7293460088DC39 /* DetailsVenueViewController.swift in Sources */ = {isa = PBXBuildFile; fileRef = 04D390671E7293460088DC39 /* DetailsVenueViewController.swift */; };
		04D3906B1E7293B60088DC39 /* VenueModel.swift in Sources */ = {isa = PBXBuildFile; fileRef = 04D3906A1E7293B60088DC39 /* VenueModel.swift */; };
/* End PBXBuildFile section */

/* Begin PBXFileReference section */
		04D3904F1E72904B0088DC39 /* Test.app */ = {isa = PBXFileReference; explicitFileType = wrapper.application; includeInIndex = 0; path = Test.app; sourceTree = BUILT_PRODUCTS_DIR; };
		04D390521E72904B0088DC39 /* AppDelegate.swift */ = {isa = PBXFileReference; lastKnownFileType = sourcecode.swift; path = AppDelegate.swift; sourceTree = "<group>"; };
		04D390541E72904B0088DC39 /* ViewController.swift */ = {isa = PBXFileReference; lastKnownFileType = sourcecode.swift; path = ViewController.swift; sourceTree = "<group>"; };
		04D390571E72904C0088DC39 /* Base */ = {isa = PBXFileReference; lastKnownFileType = file.storyboard; name = Base; path = Base.lproj/Main.storyboard; sourceTree = "<group>"; };
		04D3905A1E72904C0088DC39 /* Test.xcdatamodel */ = {isa = PBXFileReference; lastKnownFileType = wrapper.xcdatamodel; path = Test.xcdatamodel; sourceTree = "<group>"; };
		04D3905C1E72904C0088DC39 /* Assets.xcassets */ = {isa = PBXFileReference; lastKnownFileType = folder.assetcatalog; path = Assets.xcassets; sourceTree = "<group>"; };
		04D3905F1E72904C0088DC39 /* Base */ = {isa = PBXFileReference; lastKnownFileType = file.storyboard; name = Base; path = Base.lproj/LaunchScreen.storyboard; sourceTree = "<group>"; };
		04D390611E72904C0088DC39 /* Info.plist */ = {isa = PBXFileReference; lastKnownFileType = text.plist.xml; path = Info.plist; sourceTree = "<group>"; };
		04D390671E7293460088DC39 /* DetailsVenueViewController.swift */ = {isa = PBXFileReference; fileEncoding = 4; lastKnownFileType = sourcecode.swift; path = DetailsVenueViewController.swift; sourceTree = "<group>"; };
		04D3906A1E7293B60088DC39 /* VenueModel.swift */ = {isa = PBXFileReference; fileEncoding = 4; lastKnownFileType = sourcecode.swift; path = VenueModel.swift; sourceTree = "<group>"; };
/* End PBXFileReference section */

/* Begin PBXFrameworksBuildPhase section */
		04D3904C1E72904B0088DC39 /* Frameworks */ = {
			isa = PBXFrameworksBuildPhase;
			buildActionMask = 2147483647;
			files = (
			);
			runOnlyForDeploymentPostprocessing = 0;
		};
/* End PBXFrameworksBuildPhase section */

/* Begin PBXGroup section */
		04D390461E72904B0088DC39 = {
			isa = PBXGroup;
			children = (
				04D390511E72904B0088DC39 /* Test */,
				04D390501E72904B0088DC39 /* Products */,
			);
			sourceTree = "<group>";
		};
		04D390501E72904B0088DC39 /* Products */ = {
			isa = PBXGroup;
			children = (
				04D3904F1E72904B0088DC39 /* Test.app */,
			);
			name = Products;
			sourceTree = "<group>";
		};
		04D390511E72904B0088DC39 /* Test */ = {
			isa = PBXGroup;
			children = (
				04D390691E7293950088DC39 /* ModelClass */,
				04D390521E72904B0088DC39 /* AppDelegate.swift */,
				04D390541E72904B0088DC39 /* ViewController.swift */,
				04D390671E7293460088DC39 /* DetailsVenueViewController.swift */,
				04D390561E72904C0088DC39 /* Main.storyboard */,
				04D3905C1E72904C0088DC39 /* Assets.xcassets */,
				04D3905E1E72904C0088DC39 /* LaunchScreen.storyboard */,
				04D390611E72904C0088DC39 /* Info.plist */,
				04D390591E72904C0088DC39 /* Test.xcdatamodeld */,
			);
			path = Test;
			sourceTree = "<group>";
		};
		04D390691E7293950088DC39 /* ModelClass */ = {
			isa = PBXGroup;
			children = (
				04D3906A1E7293B60088DC39 /* VenueModel.swift */,
			);
			name = ModelClass;
			sourceTree = "<group>";
		};
/* End PBXGroup section */

/* Begin PBXNativeTarget section */
		04D3904E1E72904B0088DC39 /* Test */ = {
			isa = PBXNativeTarget;
			buildConfigurationList = 04D390641E72904C0088DC39 /* Build configuration list for PBXNativeTarget "Test" */;
			buildPhases = (
				04D3904B1E72904B0088DC39 /* Sources */,
				04D3904C1E72904B0088DC39 /* Frameworks */,
				04D3904D1E72904B0088DC39 /* Resources */,
			);
			buildRules = (
			);
			dependencies = (
			);
			name = Test;
			productName = Test;
			productReference = 04D3904F1E72904B0088DC39 /* Test.app */;
			productType = "com.apple.product-type.application";
		};
/* End PBXNativeTarget section */

/* Begin PBXProject section */
		04D390471E72904B0088DC39 /* Project object */ = {
			isa = PBXProject;
			attributes = {
				LastSwiftUpdateCheck = 0720;
				LastUpgradeCheck = 0720;
				ORGANIZATIONNAME = "Surya Foundation";
				TargetAttributes = {
					04D3904E1E72904B0088DC39 = {
						CreatedOnToolsVersion = 7.2.1;
					};
				};
			};
			buildConfigurationList = 04D3904A1E72904B0088DC39 /* Build configuration list for PBXProject "Test" */;
			compatibilityVersion = "Xcode 3.2";
			developmentRegion = English;
			hasScannedForEncodings = 0;
			knownRegions = (
				en,
				Base,
			);
			mainGroup = 04D390461E72904B0088DC39;
			productRefGroup = 04D390501E72904B0088DC39 /* Products */;
			projectDirPath = "";
			projectRoot = "";
			targets = (
				04D3904E1E72904B0088DC39 /* Test */,
			);
		};
/* End PBXProject section */

/* Begin PBXResourcesBuildPhase section */
		04D3904D1E72904B0088DC39 /* Resources */ = {
			isa = PBXResourcesBuildPhase;
			buildActionMask = 2147483647;
			files = (
				04D390601E72904C0088DC39 /* LaunchScreen.storyboard in Resources */,
				04D3905D1E72904C0088DC39 /* Assets.xcassets in Resources */,
				04D390581E72904C0088DC39 /* Main.storyboard in Resources */,
			);
			runOnlyForDeploymentPostprocessing = 0;
		};
/* End PBXResourcesBuildPhase section */

/* Begin PBXSourcesBuildPhase section */
		04D3904B1E72904B0088DC39 /* Sources */ = {
			isa = PBXSourcesBuildPhase;
			buildActionMask = 2147483647;
			files = (
				04D390551E72904C0088DC39 /* ViewController.swift in Sources */,
				04D390531E72904B0088DC39 /* AppDelegate.swift in Sources */,
				04D3906B1E7293B60088DC39 /* VenueModel.swift in Sources */,
				04D390681E7293460088DC39 /* DetailsVenueViewController.swift in Sources */,
				04D3905B1E72904C0088DC39 /* Test.xcdatamodeld in Sources */,
			);
			runOnlyForDeploymentPostprocessing = 0;
		};
/* End PBXSourcesBuildPhase section */

/* Begin PBXVariantGroup section */
		04D390561E72904C0088DC39 /* Main.storyboard */ = {
			isa = PBXVariantGroup;
			children = (
				04D390571E72904C0088DC39 /* Base */,
			);
			name = Main.storyboard;
			sourceTree = "<group>";
		};
		04D3905E1E72904C0088DC39 /* LaunchScreen.storyboard */ = {
			isa = PBXVariantGroup;
			children = (
				04D3905F1E72904C0088DC39 /* Base */,
			);
			name = LaunchScreen.storyboard;
			sourceTree = "<group>";
		};
/* End PBXVariantGroup section */

/* Begin XCBuildConfiguration section */
		04D390621E72904C0088DC39 /* Debug */ = {
			isa = XCBuildConfiguration;
			buildSettings = {
				ALWAYS_SEARCH_USER_PATHS = NO;
				CLANG_CXX_LANGUAGE_STANDARD = "gnu++0x";
				CLANG_CXX_LIBRARY = "libc++";
				CLANG_ENABLE_MODULES = YES;
				CLANG_ENABLE_OBJC_ARC = YES;
				CLANG_WARN_BOOL_CONVERSION = YES;
				CLANG_WARN_CONSTANT_CONVERSION = YES;
				CLANG_WARN_DIRECT_OBJC_ISA_USAGE = YES_ERROR;
				CLANG_WARN_EMPTY_BODY = YES;
				CLANG_WARN_ENUM_CONVERSION = YES;
				CLANG_WARN_INT_CONVERSION = YES;
				CLANG_WARN_OBJC_ROOT_CLASS = YES_ERROR;
				CLANG_WARN_UNREACHABLE_CODE = YES;
				CLANG_WARN__DUPLICATE_METHOD_MATCH = YES;
				"CODE_SIGN_IDENTITY[sdk=iphoneos*]" = "iPhone Developer";
				COPY_PHASE_STRIP = NO;
				DEBUG_INFORMATION_FORMAT = dwarf;
				ENABLE_STRICT_OBJC_MSGSEND = YES;
				ENABLE_TESTABILITY = YES;
				GCC_C_LANGUAGE_STANDARD = gnu99;
				GCC_DYNAMIC_NO_PIC = NO;
				GCC_NO_COMMON_BLOCKS = YES;
				GCC_OPTIMIZATION_LEVEL = 0;
				GCC_PREPROCESSOR_DEFINITIONS = (
					"DEBUG=1",
					"$(inherited)",
				);
				GCC_WARN_64_TO_32_BIT_CONVERSION = YES;
				GCC_WARN_ABOUT_RETURN_TYPE = YES_ERROR;
				GCC_WARN_UNDECLARED_SELECTOR = YES;
				GCC_WARN_UNINITIALIZED_AUTOS = YES_AGGRESSIVE;
				GCC_WARN_UNUSED_FUNCTION = YES;
				GCC_WARN_UNUSED_VARIABLE = YES;
				IPHONEOS_DEPLOYMENT_TARGET = 9.2;
				MTL_ENABLE_DEBUG_INFO = YES;
				ONLY_ACTIVE_ARCH = YES;
				SDKROOT = iphoneos;
				SWIFT_OPTIMIZATION_LEVEL = "-Onone";
				TARGETED_DEVICE_FAMILY = "1,2";
			};
			name = Debug;
		};
		04D390631E72904C0088DC39 /* Release */ = {
			isa = XCBuildConfiguration;
			buildSettings = {
				ALWAYS_SEARCH_USER_PATHS = NO;
				CLANG_CXX_LANGUAGE_STANDARD = "gnu++0x";
				CLANG_CXX_LIBRARY = "libc++";
				CLANG_ENABLE_MODULES = YES;
				CLANG_ENABLE_OBJC_ARC = YES;
				CLANG_WARN_BOOL_CONVERSION = YES;
				CLANG_WARN_CONSTANT_CONVERSION = YES;
				CLANG_WARN_DIRECT_OBJC_ISA_USAGE = YES_ERROR;
				CLANG_WARN_EMPTY_BODY = YES;
				CLANG_WARN_ENUM_CONVERSION = YES;
				CLANG_WARN_INT_CONVERSION = YES;
				CLANG_WARN_OBJC_ROOT_CLASS = YES_ERROR;
				CLANG_WARN_UNREACHABLE_CODE = YES;
				CLANG_WARN__DUPLICATE_METHOD_MATCH = YES;
				"CODE_SIGN_IDENTITY[sdk=iphoneos*]" = "iPhone Developer";
				COPY_PHASE_STRIP = NO;
				DEBUG_INFORMATION_FORMAT = "dwarf-with-dsym";
				ENABLE_NS_ASSERTIONS = NO;
				ENABLE_STRICT_OBJC_MSGSEND = YES;
				GCC_C_LANGUAGE_STANDARD = gnu99;
				GCC_NO_COMMON_BLOCKS = YES;
				GCC_WARN_64_TO_32_BIT_CONVERSION = YES;
				GCC_WARN_ABOUT_RETURN_TYPE = YES_ERROR;
				GCC_WARN_UNDECLARED_SELECTOR = YES;
				GCC_WARN_UNINITIALIZED_AUTOS = YES_AGGRESSIVE;
				GCC_WARN_UNUSED_FUNCTION = YES;
				GCC_WARN_UNUSED_VARIABLE = YES;
				IPHONEOS_DEPLOYMENT_TARGET = 9.2;
				MTL_ENABLE_DEBUG_INFO = NO;
				SDKROOT = iphoneos;
				TARGETED_DEVICE_FAMILY = "1,2";
				VALIDATE_PRODUCT = YES;
			};
			name = Release;
		};
		04D390651E72904C0088DC39 /* Debug */ = {
			isa = XCBuildConfiguration;
			buildSettings = {
				ASSETCATALOG_COMPILER_APPICON_NAME = AppIcon;
				INFOPLIST_FILE = Test/Info.plist;
				LD_RUNPATH_SEARCH_PATHS = "$(inherited) @executable_path/Frameworks";
				PRODUCT_BUNDLE_IDENTIFIER = com.Test;
				PRODUCT_NAME = "$(TARGET_NAME)";
			};
			name = Debug;
		};
		04D390661E72904C0088DC39 /* Release */ = {
			isa = XCBuildConfiguration;
			buildSettings = {
				ASSETCATALOG_COMPILER_APPICON_NAME = AppIcon;
				INFOPLIST_FILE = Test/Info.plist;
				LD_RUNPATH_SEARCH_PATHS = "$(inherited) @executable_path/Frameworks";
				PRODUCT_BUNDLE_IDENTIFIER = com.Test;
				PRODUCT_NAME = "$(TARGET_NAME)";
			};
			name = Release;
		};
/* End XCBuildConfiguration section */

/* Begin XCConfigurationList section */
		04D3904A1E72904B0088DC39 /* Build configuration list for PBXProject "Test" */ = {
			isa = XCConfigurationList;
			buildConfigurations = (
				04D390621E72904C0088DC39 /* Debug */,
				04D390631E72904C0088DC39 /* Release */,
			);
			defaultConfigurationIsVisible = 0;
			defaultConfigurationName = Release;
		};
		04D390641E72904C0088DC39 /* Build configuration list for PBXNativeTarget "Test" */ = {
			isa = XCConfigurationList;
			buildConfigurations = (
				04D390651E72904C0088DC39 /* Debug */,
				04D390661E72904C0088DC39 /* Release */,
			);
			defaultConfigurationIsVisible = 0;
		};
/* End XCConfigurationList section */

/* Begin XCVersionGroup section */
		04D390591E72904C0088DC39 /* Test.xcdatamodeld */ = {
			isa = XCVersionGroup;
			children = (
				04D3905A1E72904C0088DC39 /* Test.xcdatamodel */,
			);
			currentVersion = 04D3905A1E72904C0088DC39 /* Test.xcdatamodel */;
			path = Test.xcdatamodeld;
			sourceTree = "<group>";
			versionGroupType = wrapper.xcdatamodel;
		};
/* End XCVersionGroup section */
	};
	rootObject = 04D390471E72904B0088DC39 /* Project object */;
}
